
Microsoft Visual Studio Solution File, Format Version 12.00
# Visual Studio Version 16
VisualStudioVersion = 16.0.32126.315
MinimumVisualStudioVersion = 10.0.40219.1
Project("{FAE04EC0-301F-11D3-BF4B-00C04F79EFBC}") = "Square.Lib", "Square.Lib\Square.Lib.csproj", "{478DB0CA-2E0B-4C20-B06E-F9C493E47711}"
EndProject
Project("{FAE04EC0-301F-11D3-BF4B-00C04F79EFBC}") = "Square.App", "Square.App\Square.App.csproj", "{53C87D27-7BB3-48FA-828A-C54AF82E7D03}"
EndProject
Project("{FAE04EC0-301F-11D3-BF4B-00C04F79EFBC}") = "Square.LibTests1", "Square.LibTests1\Square.LibTests1.csproj", "{F1105206-E101-4A29-BB22-BCA8148F127C}"
EndProject
Global
	GlobalSection(SolutionConfigurationPlatforms) = preSolution
		Debug|Any CPU = Debug|Any CPU
		Release|Any CPU = Release|Any CPU
	EndGlobalSection
	GlobalSection(ProjectConfigurationPlatforms) = postSolution
		{478DB0CA-2E0B-4C20-B06E-F9C493E47711}.Debug|Any CPU.ActiveCfg = Debug|Any CPU
		{478DB0CA-2E0B-4C20-B06E-F9C493E47711}.Debug|Any CPU.Build.0 = Debug|Any CPU
		{478DB0CA-2E0B-4C20-B06E-F9C493E47711}.Release|Any CPU.ActiveCfg = Release|Any CPU
		{478DB0CA-2E0B-4C20-B06E-F9C493E47711}.Release|Any CPU.Build.0 = Release|Any CPU
		{53C87D27-7BB3-48FA-828A-C54AF82E7D03}.Debug|Any CPU.ActiveCfg = Debug|Any CPU
		{53C87D27-7BB3-48FA-828A-C54AF82E7D03}.Debug|Any CPU.Build.0 = Debug|Any CPU
		{53C87D27-7BB3-48FA-828A-C54AF82E7D03}.Release|Any CPU.ActiveCfg = Release|Any CPU
		{53C87D27-7BB3-48FA-828A-C54AF82E7D03}.Release|Any CPU.Build.0 = Release|Any CPU
		{F1105206-E101-4A29-BB22-BCA8148F127C}.Debug|Any CPU.ActiveCfg = Debug|Any CPU
		{F1105206-E101-4A29-BB22-BCA8148F127C}.Debug|Any CPU.Build.0 = Debug|Any CPU
		{F1105206-E101-4A29-BB22-BCA8148F127C}.Release|Any CPU.ActiveCfg = Release|Any CPU
		{F1105206-E101-4A29-BB22-BCA8148F127C}.Release|Any CPU.Build.0 = Release|Any CPU
	EndGlobalSection
	GlobalSection(SolutionProperties) = preSolution
		HideSolutionNode = FALSE
	EndGlobalSection
	GlobalSection(ExtensibilityGlobals) = postSolution
		SolutionGuid = {D90DADD5-EAD0-498D-9F61-3D3DA43AA2CF}
	EndGlobalSection
EndGlobal
